// !$*UTF8*$!
{
	archiveVersion = 1;
	classes = {
	};
	objectVersion = 56;
	objects = {

/* Begin PBXBuildFile section */
		0D3BE9FA29C74F0A000C1F3B /* Materials.swift in Sources */ = {isa = PBXBuildFile; fileRef = 0D7D6EE029C705CF00368250 /* Materials.swift */; };
		0D3BE9FE29C7FD6D000C1F3B /* cube.mtl in Resources */ = {isa = PBXBuildFile; fileRef = 0D3BE9FC29C7FD6D000C1F3B /* cube.mtl */; };
		0D3BE9FF29C7FD6D000C1F3B /* cube.obj in Resources */ = {isa = PBXBuildFile; fileRef = 0D3BE9FD29C7FD6D000C1F3B /* cube.obj */; };
		0D7D6E3D29C5D25200368250 /* ContentView.swift in Sources */ = {isa = PBXBuildFile; fileRef = 0D7D6E3C29C5D25200368250 /* ContentView.swift */; };
		0D7D6E3F29C5D2A200368250 /* Renderer.swift in Sources */ = {isa = PBXBuildFile; fileRef = 0D7D6E3E29C5D2A200368250 /* Renderer.swift */; };
		0D7D6E4129C5D2C500368250 /* AppView.swift in Sources */ = {isa = PBXBuildFile; fileRef = 0D7D6E4029C5D2C500368250 /* AppView.swift */; };
		0D7D6E4329C5D2DB00368250 /* Camera.swift in Sources */ = {isa = PBXBuildFile; fileRef = 0D7D6E4229C5D2DB00368250 /* Camera.swift */; };
		0D7D6E4629C5D31C00368250 /* RenderScene.swift in Sources */ = {isa = PBXBuildFile; fileRef = 0D7D6E4529C5D31C00368250 /* RenderScene.swift */; };
		0D7D6E4829C5D33600368250 /* Component.swift in Sources */ = {isa = PBXBuildFile; fileRef = 0D7D6E4729C5D33600368250 /* Component.swift */; };
		0D7D6E4A29C5D35E00368250 /* TriangleMesh.swift in Sources */ = {isa = PBXBuildFile; fileRef = 0D7D6E4929C5D35E00368250 /* TriangleMesh.swift */; };
		0D7D6E4C29C5D37A00368250 /* LinearAlgebro.swift in Sources */ = {isa = PBXBuildFile; fileRef = 0D7D6E4B29C5D37A00368250 /* LinearAlgebro.swift */; };
		0D7D6E4E29C5D3BC00368250 /* LearnMetalApp.swift in Sources */ = {isa = PBXBuildFile; fileRef = 0D7D6E4D29C5D3BC00368250 /* LearnMetalApp.swift */; };
		0D7D6E5029C5D3D700368250 /* Shaders.metal in Sources */ = {isa = PBXBuildFile; fileRef = 0D7D6E4F29C5D3D700368250 /* Shaders.metal */; };
		0D7D6E6929C5E6C700368250 /* AppView.swift in Sources */ = {isa = PBXBuildFile; fileRef = 0D7D6E5E29C5E6C700368250 /* AppView.swift */; };
		0D7D6E6A29C5E6C700368250 /* RenderScene.swift in Sources */ = {isa = PBXBuildFile; fileRef = 0D7D6E5F29C5E6C700368250 /* RenderScene.swift */; };
		0D7D6E6B29C5E6C700368250 /* Shaders.metal in Sources */ = {isa = PBXBuildFile; fileRef = 0D7D6E6029C5E6C700368250 /* Shaders.metal */; };
		0D7D6E6C29C5E6C700368250 /* LinearAlgebro.swift in Sources */ = {isa = PBXBuildFile; fileRef = 0D7D6E6129C5E6C700368250 /* LinearAlgebro.swift */; };
		0D7D6E6D29C5E6C700368250 /* Component.swift in Sources */ = {isa = PBXBuildFile; fileRef = 0D7D6E6329C5E6C700368250 /* Component.swift */; };
		0D7D6E6E29C5E6C700368250 /* Camera.swift in Sources */ = {isa = PBXBuildFile; fileRef = 0D7D6E6429C5E6C700368250 /* Camera.swift */; };
		0D7D6E6F29C5E6C700368250 /* LearnMetalApp.swift in Sources */ = {isa = PBXBuildFile; fileRef = 0D7D6E6529C5E6C700368250 /* LearnMetalApp.swift */; };
		0D7D6E7029C5E6C700368250 /* ContentView.swift in Sources */ = {isa = PBXBuildFile; fileRef = 0D7D6E6629C5E6C700368250 /* ContentView.swift */; };
		0D7D6E7129C5E6C700368250 /* TriangleMesh.swift in Sources */ = {isa = PBXBuildFile; fileRef = 0D7D6E6729C5E6C700368250 /* TriangleMesh.swift */; };
		0D7D6E7229C5E6C700368250 /* Renderer.swift in Sources */ = {isa = PBXBuildFile; fileRef = 0D7D6E6829C5E6C700368250 /* Renderer.swift */; };
		0D7D6E7829C5EBE800368250 /* Meshes.swift in Sources */ = {isa = PBXBuildFile; fileRef = 0D7D6E7729C5EBE800368250 /* Meshes.swift */; };
		0D7D6EA129C60F1100368250 /* AppView.swift in Sources */ = {isa = PBXBuildFile; fileRef = 0D7D6E9429C60F1100368250 /* AppView.swift */; };
		0D7D6EA229C60F1100368250 /* RenderScene.swift in Sources */ = {isa = PBXBuildFile; fileRef = 0D7D6E9529C60F1100368250 /* RenderScene.swift */; };
		0D7D6EA329C60F1100368250 /* Meshes.swift in Sources */ = {isa = PBXBuildFile; fileRef = 0D7D6E9629C60F1100368250 /* Meshes.swift */; };
		0D7D6EA429C60F1100368250 /* Shaders.metal in Sources */ = {isa = PBXBuildFile; fileRef = 0D7D6E9729C60F1100368250 /* Shaders.metal */; };
		0D7D6EA529C60F1100368250 /* LinearAlgebro.swift in Sources */ = {isa = PBXBuildFile; fileRef = 0D7D6E9829C60F1100368250 /* LinearAlgebro.swift */; };
		0D7D6EA629C60F1100368250 /* Component.swift in Sources */ = {isa = PBXBuildFile; fileRef = 0D7D6E9A29C60F1100368250 /* Component.swift */; };
		0D7D6EA729C60F1100368250 /* Camera.swift in Sources */ = {isa = PBXBuildFile; fileRef = 0D7D6E9B29C60F1100368250 /* Camera.swift */; };
		0D7D6EA829C60F1100368250 /* LearnMetalApp.swift in Sources */ = {isa = PBXBuildFile; fileRef = 0D7D6E9C29C60F1100368250 /* LearnMetalApp.swift */; };
		0D7D6EA929C60F1100368250 /* ContentView.swift in Sources */ = {isa = PBXBuildFile; fileRef = 0D7D6E9E29C60F1100368250 /* ContentView.swift */; };
		0D7D6EAA29C60F1100368250 /* TriangleMesh.swift in Sources */ = {isa = PBXBuildFile; fileRef = 0D7D6E9F29C60F1100368250 /* TriangleMesh.swift */; };
		0D7D6EAB29C60F1100368250 /* Renderer.swift in Sources */ = {isa = PBXBuildFile; fileRef = 0D7D6EA029C60F1100368250 /* Renderer.swift */; };
		0D7D6EAD29C6111D00368250 /* Materials.swift in Sources */ = {isa = PBXBuildFile; fileRef = 0D7D6EAC29C6111D00368250 /* Materials.swift */; };
		0D7D6EB429C6139100368250 /* cube.obj in Resources */ = {isa = PBXBuildFile; fileRef = 0D7D6EB229C6139100368250 /* cube.obj */; };
		0D7D6EB529C6139100368250 /* cube.mtl in Resources */ = {isa = PBXBuildFile; fileRef = 0D7D6EB329C6139100368250 /* cube.mtl */; };
		0D7D6EBA29C7014100368250 /* avatar.png in Resources */ = {isa = PBXBuildFile; fileRef = 0D7D6EB929C7014100368250 /* avatar.png */; };
		0D7D6EE329C705CF00368250 /* AppView.swift in Sources */ = {isa = PBXBuildFile; fileRef = 0D7D6ED329C705CF00368250 /* AppView.swift */; };
		0D7D6EE429C705CF00368250 /* RenderScene.swift in Sources */ = {isa = PBXBuildFile; fileRef = 0D7D6ED429C705CF00368250 /* RenderScene.swift */; };
		0D7D6EE529C705CF00368250 /* Meshes.swift in Sources */ = {isa = PBXBuildFile; fileRef = 0D7D6ED529C705CF00368250 /* Meshes.swift */; };
		0D7D6EE629C705CF00368250 /* Shaders.metal in Sources */ = {isa = PBXBuildFile; fileRef = 0D7D6ED629C705CF00368250 /* Shaders.metal */; };
		0D7D6EE729C705CF00368250 /* LinearAlgebro.swift in Sources */ = {isa = PBXBuildFile; fileRef = 0D7D6ED729C705CF00368250 /* LinearAlgebro.swift */; };
		0D7D6EE829C705CF00368250 /* Component.swift in Sources */ = {isa = PBXBuildFile; fileRef = 0D7D6ED929C705CF00368250 /* Component.swift */; };
		0D7D6EE929C705CF00368250 /* Camera.swift in Sources */ = {isa = PBXBuildFile; fileRef = 0D7D6EDA29C705CF00368250 /* Camera.swift */; };
		0D7D6EEA29C705CF00368250 /* LearnMetalApp.swift in Sources */ = {isa = PBXBuildFile; fileRef = 0D7D6EDB29C705CF00368250 /* LearnMetalApp.swift */; };
		0D7D6EEB29C705CF00368250 /* cube.obj in Resources */ = {isa = PBXBuildFile; fileRef = 0D7D6EDD29C705CF00368250 /* cube.obj */; };
		0D7D6EEC29C705CF00368250 /* cube.mtl in Resources */ = {isa = PBXBuildFile; fileRef = 0D7D6EDE29C705CF00368250 /* cube.mtl */; };
		0D7D6EED29C705CF00368250 /* ContentView.swift in Sources */ = {isa = PBXBuildFile; fileRef = 0D7D6EDF29C705CF00368250 /* ContentView.swift */; };
		0D7D6EEF29C705CF00368250 /* TriangleMesh.swift in Sources */ = {isa = PBXBuildFile; fileRef = 0D7D6EE129C705CF00368250 /* TriangleMesh.swift */; };
		0D7D6EF029C705CF00368250 /* Renderer.swift in Sources */ = {isa = PBXBuildFile; fileRef = 0D7D6EE229C705CF00368250 /* Renderer.swift */; };
		0D7D6EF229C7069200368250 /* Entities.swift in Sources */ = {isa = PBXBuildFile; fileRef = 0D7D6EF129C7069200368250 /* Entities.swift */; };
		0D7D6EF429C7075F00368250 /* Lights.swift in Sources */ = {isa = PBXBuildFile; fileRef = 0D7D6EF329C7075F00368250 /* Lights.swift */; };
		0DFEF96029C33935002F68D7 /* LearnMetalApp.swift in Sources */ = {isa = PBXBuildFile; fileRef = 0DFEF95F29C33935002F68D7 /* LearnMetalApp.swift */; };
		0DFEF96229C33935002F68D7 /* ContentView.swift in Sources */ = {isa = PBXBuildFile; fileRef = 0DFEF96129C33935002F68D7 /* ContentView.swift */; };
		0DFEF97929C33D8A002F68D7 /* Renderer.swift in Sources */ = {isa = PBXBuildFile; fileRef = 0DFEF97829C33D8A002F68D7 /* Renderer.swift */; };
		0DFEF97D29C3467A002F68D7 /* Shaders.metal in Sources */ = {isa = PBXBuildFile; fileRef = 0DFEF97C29C3467A002F68D7 /* Shaders.metal */; };
/* End PBXBuildFile section */

/* Begin PBXFileReference section */
		0D3BE9FC29C7FD6D000C1F3B /* cube.mtl */ = {isa = PBXFileReference; fileEncoding = 4; lastKnownFileType = text; path = cube.mtl; sourceTree = "<group>"; };
		0D3BE9FD29C7FD6D000C1F3B /* cube.obj */ = {isa = PBXFileReference; fileEncoding = 4; lastKnownFileType = text; path = cube.obj; sourceTree = "<group>"; };
		0D7D6E3C29C5D25200368250 /* ContentView.swift */ = {isa = PBXFileReference; lastKnownFileType = sourcecode.swift; path = ContentView.swift; sourceTree = "<group>"; };
		0D7D6E3E29C5D2A200368250 /* Renderer.swift */ = {isa = PBXFileReference; lastKnownFileType = sourcecode.swift; path = Renderer.swift; sourceTree = "<group>"; };
		0D7D6E4029C5D2C500368250 /* AppView.swift */ = {isa = PBXFileReference; lastKnownFileType = sourcecode.swift; path = AppView.swift; sourceTree = "<group>"; };
		0D7D6E4229C5D2DB00368250 /* Camera.swift */ = {isa = PBXFileReference; lastKnownFileType = sourcecode.swift; path = Camera.swift; sourceTree = "<group>"; };
		0D7D6E4429C5D2F500368250 /* ShaderTypes.h */ = {isa = PBXFileReference; lastKnownFileType = sourcecode.c.h; path = ShaderTypes.h; sourceTree = "<group>"; };
		0D7D6E4529C5D31C00368250 /* RenderScene.swift */ = {isa = PBXFileReference; lastKnownFileType = sourcecode.swift; path = RenderScene.swift; sourceTree = "<group>"; };
		0D7D6E4729C5D33600368250 /* Component.swift */ = {isa = PBXFileReference; lastKnownFileType = sourcecode.swift; path = Component.swift; sourceTree = "<group>"; };
		0D7D6E4929C5D35E00368250 /* TriangleMesh.swift */ = {isa = PBXFileReference; lastKnownFileType = sourcecode.swift; path = TriangleMesh.swift; sourceTree = "<group>"; };
		0D7D6E4B29C5D37A00368250 /* LinearAlgebro.swift */ = {isa = PBXFileReference; lastKnownFileType = sourcecode.swift; path = LinearAlgebro.swift; sourceTree = "<group>"; };
		0D7D6E4D29C5D3BC00368250 /* LearnMetalApp.swift */ = {isa = PBXFileReference; lastKnownFileType = sourcecode.swift; path = LearnMetalApp.swift; sourceTree = "<group>"; };
		0D7D6E4F29C5D3D700368250 /* Shaders.metal */ = {isa = PBXFileReference; lastKnownFileType = sourcecode.metal; path = Shaders.metal; sourceTree = "<group>"; };
		0D7D6E5C29C5E63D00368250 /* 03-load_obj_model.app */ = {isa = PBXFileReference; explicitFileType = wrapper.application; includeInIndex = 0; path = "03-load_obj_model.app"; sourceTree = BUILT_PRODUCTS_DIR; };
		0D7D6E5E29C5E6C700368250 /* AppView.swift */ = {isa = PBXFileReference; fileEncoding = 4; lastKnownFileType = sourcecode.swift; path = AppView.swift; sourceTree = "<group>"; };
		0D7D6E5F29C5E6C700368250 /* RenderScene.swift */ = {isa = PBXFileReference; fileEncoding = 4; lastKnownFileType = sourcecode.swift; path = RenderScene.swift; sourceTree = "<group>"; };
		0D7D6E6029C5E6C700368250 /* Shaders.metal */ = {isa = PBXFileReference; fileEncoding = 4; lastKnownFileType = sourcecode.metal; path = Shaders.metal; sourceTree = "<group>"; };
		0D7D6E6129C5E6C700368250 /* LinearAlgebro.swift */ = {isa = PBXFileReference; fileEncoding = 4; lastKnownFileType = sourcecode.swift; path = LinearAlgebro.swift; sourceTree = "<group>"; };
		0D7D6E6229C5E6C700368250 /* ShaderTypes.h */ = {isa = PBXFileReference; fileEncoding = 4; lastKnownFileType = sourcecode.c.h; path = ShaderTypes.h; sourceTree = "<group>"; };
		0D7D6E6329C5E6C700368250 /* Component.swift */ = {isa = PBXFileReference; fileEncoding = 4; lastKnownFileType = sourcecode.swift; path = Component.swift; sourceTree = "<group>"; };
		0D7D6E6429C5E6C700368250 /* Camera.swift */ = {isa = PBXFileReference; fileEncoding = 4; lastKnownFileType = sourcecode.swift; path = Camera.swift; sourceTree = "<group>"; };
		0D7D6E6529C5E6C700368250 /* LearnMetalApp.swift */ = {isa = PBXFileReference; fileEncoding = 4; lastKnownFileType = sourcecode.swift; path = LearnMetalApp.swift; sourceTree = "<group>"; };
		0D7D6E6629C5E6C700368250 /* ContentView.swift */ = {isa = PBXFileReference; fileEncoding = 4; lastKnownFileType = sourcecode.swift; path = ContentView.swift; sourceTree = "<group>"; };
		0D7D6E6729C5E6C700368250 /* TriangleMesh.swift */ = {isa = PBXFileReference; fileEncoding = 4; lastKnownFileType = sourcecode.swift; path = TriangleMesh.swift; sourceTree = "<group>"; };
		0D7D6E6829C5E6C700368250 /* Renderer.swift */ = {isa = PBXFileReference; fileEncoding = 4; lastKnownFileType = sourcecode.swift; path = Renderer.swift; sourceTree = "<group>"; };
		0D7D6E7729C5EBE800368250 /* Meshes.swift */ = {isa = PBXFileReference; lastKnownFileType = sourcecode.swift; path = Meshes.swift; sourceTree = "<group>"; };
		0D7D6E9229C60EF400368250 /* 04-texture_mapping.app */ = {isa = PBXFileReference; explicitFileType = wrapper.application; includeInIndex = 0; path = "04-texture_mapping.app"; sourceTree = BUILT_PRODUCTS_DIR; };
		0D7D6E9429C60F1100368250 /* AppView.swift */ = {isa = PBXFileReference; fileEncoding = 4; lastKnownFileType = sourcecode.swift; path = AppView.swift; sourceTree = "<group>"; };
		0D7D6E9529C60F1100368250 /* RenderScene.swift */ = {isa = PBXFileReference; fileEncoding = 4; lastKnownFileType = sourcecode.swift; path = RenderScene.swift; sourceTree = "<group>"; };
		0D7D6E9629C60F1100368250 /* Meshes.swift */ = {isa = PBXFileReference; fileEncoding = 4; lastKnownFileType = sourcecode.swift; path = Meshes.swift; sourceTree = "<group>"; };
		0D7D6E9729C60F1100368250 /* Shaders.metal */ = {isa = PBXFileReference; fileEncoding = 4; lastKnownFileType = sourcecode.metal; path = Shaders.metal; sourceTree = "<group>"; };
		0D7D6E9829C60F1100368250 /* LinearAlgebro.swift */ = {isa = PBXFileReference; fileEncoding = 4; lastKnownFileType = sourcecode.swift; path = LinearAlgebro.swift; sourceTree = "<group>"; };
		0D7D6E9929C60F1100368250 /* ShaderTypes.h */ = {isa = PBXFileReference; fileEncoding = 4; lastKnownFileType = sourcecode.c.h; path = ShaderTypes.h; sourceTree = "<group>"; };
		0D7D6E9A29C60F1100368250 /* Component.swift */ = {isa = PBXFileReference; fileEncoding = 4; lastKnownFileType = sourcecode.swift; path = Component.swift; sourceTree = "<group>"; };
		0D7D6E9B29C60F1100368250 /* Camera.swift */ = {isa = PBXFileReference; fileEncoding = 4; lastKnownFileType = sourcecode.swift; path = Camera.swift; sourceTree = "<group>"; };
		0D7D6E9C29C60F1100368250 /* LearnMetalApp.swift */ = {isa = PBXFileReference; fileEncoding = 4; lastKnownFileType = sourcecode.swift; path = LearnMetalApp.swift; sourceTree = "<group>"; };
		0D7D6E9E29C60F1100368250 /* ContentView.swift */ = {isa = PBXFileReference; fileEncoding = 4; lastKnownFileType = sourcecode.swift; path = ContentView.swift; sourceTree = "<group>"; };
		0D7D6E9F29C60F1100368250 /* TriangleMesh.swift */ = {isa = PBXFileReference; fileEncoding = 4; lastKnownFileType = sourcecode.swift; path = TriangleMesh.swift; sourceTree = "<group>"; };
		0D7D6EA029C60F1100368250 /* Renderer.swift */ = {isa = PBXFileReference; fileEncoding = 4; lastKnownFileType = sourcecode.swift; path = Renderer.swift; sourceTree = "<group>"; };
		0D7D6EAC29C6111D00368250 /* Materials.swift */ = {isa = PBXFileReference; lastKnownFileType = sourcecode.swift; path = Materials.swift; sourceTree = "<group>"; };
		0D7D6EB229C6139100368250 /* cube.obj */ = {isa = PBXFileReference; fileEncoding = 4; lastKnownFileType = text; path = cube.obj; sourceTree = "<group>"; };
		0D7D6EB329C6139100368250 /* cube.mtl */ = {isa = PBXFileReference; fileEncoding = 4; lastKnownFileType = text; path = cube.mtl; sourceTree = "<group>"; };
		0D7D6EB829C6FDE600368250 /* README.md */ = {isa = PBXFileReference; lastKnownFileType = net.daringfireball.markdown; path = README.md; sourceTree = "<group>"; };
		0D7D6EB929C7014100368250 /* avatar.png */ = {isa = PBXFileReference; lastKnownFileType = image.png; path = avatar.png; sourceTree = "<group>"; };
		0D7D6ED129C7059000368250 /* 05-simple_lighting.app */ = {isa = PBXFileReference; explicitFileType = wrapper.application; includeInIndex = 0; path = "05-simple_lighting.app"; sourceTree = BUILT_PRODUCTS_DIR; };
		0D7D6ED329C705CF00368250 /* AppView.swift */ = {isa = PBXFileReference; fileEncoding = 4; lastKnownFileType = sourcecode.swift; path = AppView.swift; sourceTree = "<group>"; };
		0D7D6ED429C705CF00368250 /* RenderScene.swift */ = {isa = PBXFileReference; fileEncoding = 4; lastKnownFileType = sourcecode.swift; path = RenderScene.swift; sourceTree = "<group>"; };
		0D7D6ED529C705CF00368250 /* Meshes.swift */ = {isa = PBXFileReference; fileEncoding = 4; lastKnownFileType = sourcecode.swift; path = Meshes.swift; sourceTree = "<group>"; };
		0D7D6ED629C705CF00368250 /* Shaders.metal */ = {isa = PBXFileReference; fileEncoding = 4; lastKnownFileType = sourcecode.metal; path = Shaders.metal; sourceTree = "<group>"; };
		0D7D6ED729C705CF00368250 /* LinearAlgebro.swift */ = {isa = PBXFileReference; fileEncoding = 4; lastKnownFileType = sourcecode.swift; path = LinearAlgebro.swift; sourceTree = "<group>"; };
		0D7D6ED829C705CF00368250 /* ShaderTypes.h */ = {isa = PBXFileReference; fileEncoding = 4; lastKnownFileType = sourcecode.c.h; path = ShaderTypes.h; sourceTree = "<group>"; };
		0D7D6ED929C705CF00368250 /* Component.swift */ = {isa = PBXFileReference; fileEncoding = 4; lastKnownFileType = sourcecode.swift; path = Component.swift; sourceTree = "<group>"; };
		0D7D6EDA29C705CF00368250 /* Camera.swift */ = {isa = PBXFileReference; fileEncoding = 4; lastKnownFileType = sourcecode.swift; path = Camera.swift; sourceTree = "<group>"; };
		0D7D6EDB29C705CF00368250 /* LearnMetalApp.swift */ = {isa = PBXFileReference; fileEncoding = 4; lastKnownFileType = sourcecode.swift; path = LearnMetalApp.swift; sourceTree = "<group>"; };
		0D7D6EDD29C705CF00368250 /* cube.obj */ = {isa = PBXFileReference; fileEncoding = 4; lastKnownFileType = text; path = cube.obj; sourceTree = "<group>"; };
		0D7D6EDE29C705CF00368250 /* cube.mtl */ = {isa = PBXFileReference; fileEncoding = 4; lastKnownFileType = text; path = cube.mtl; sourceTree = "<group>"; };
		0D7D6EDF29C705CF00368250 /* ContentView.swift */ = {isa = PBXFileReference; fileEncoding = 4; lastKnownFileType = sourcecode.swift; path = ContentView.swift; sourceTree = "<group>"; };
		0D7D6EE029C705CF00368250 /* Materials.swift */ = {isa = PBXFileReference; fileEncoding = 4; lastKnownFileType = sourcecode.swift; path = Materials.swift; sourceTree = "<group>"; };
		0D7D6EE129C705CF00368250 /* TriangleMesh.swift */ = {isa = PBXFileReference; fileEncoding = 4; lastKnownFileType = sourcecode.swift; path = TriangleMesh.swift; sourceTree = "<group>"; };
		0D7D6EE229C705CF00368250 /* Renderer.swift */ = {isa = PBXFileReference; fileEncoding = 4; lastKnownFileType = sourcecode.swift; path = Renderer.swift; sourceTree = "<group>"; };
		0D7D6EF129C7069200368250 /* Entities.swift */ = {isa = PBXFileReference; lastKnownFileType = sourcecode.swift; path = Entities.swift; sourceTree = "<group>"; };
		0D7D6EF329C7075F00368250 /* Lights.swift */ = {isa = PBXFileReference; lastKnownFileType = sourcecode.swift; path = Lights.swift; sourceTree = "<group>"; };
		0DFEF95C29C33935002F68D7 /* 01-hello_triangle.app */ = {isa = PBXFileReference; explicitFileType = wrapper.application; includeInIndex = 0; path = "01-hello_triangle.app"; sourceTree = BUILT_PRODUCTS_DIR; };
		0DFEF95F29C33935002F68D7 /* LearnMetalApp.swift */ = {isa = PBXFileReference; lastKnownFileType = sourcecode.swift; path = LearnMetalApp.swift; sourceTree = "<group>"; };
		0DFEF96129C33935002F68D7 /* ContentView.swift */ = {isa = PBXFileReference; lastKnownFileType = sourcecode.swift; path = ContentView.swift; sourceTree = "<group>"; };
		0DFEF97829C33D8A002F68D7 /* Renderer.swift */ = {isa = PBXFileReference; lastKnownFileType = sourcecode.swift; path = Renderer.swift; sourceTree = "<group>"; };
		0DFEF97B29C3436F002F68D7 /* ShaderTypes.h */ = {isa = PBXFileReference; lastKnownFileType = sourcecode.c.h; path = ShaderTypes.h; sourceTree = "<group>"; };
		0DFEF97C29C3467A002F68D7 /* Shaders.metal */ = {isa = PBXFileReference; lastKnownFileType = sourcecode.metal; path = Shaders.metal; sourceTree = "<group>"; };
		0DFEF98B29C4BC1A002F68D7 /* 02-transformation.app */ = {isa = PBXFileReference; explicitFileType = wrapper.application; includeInIndex = 0; path = "02-transformation.app"; sourceTree = BUILT_PRODUCTS_DIR; };
/* End PBXFileReference section */

/* Begin PBXFrameworksBuildPhase section */
		0D7D6E5729C5E63D00368250 /* Frameworks */ = {
			isa = PBXFrameworksBuildPhase;
			buildActionMask = 2147483647;
			files = (
			);
			runOnlyForDeploymentPostprocessing = 0;
		};
		0D7D6E8B29C60EF400368250 /* Frameworks */ = {
			isa = PBXFrameworksBuildPhase;
			buildActionMask = 2147483647;
			files = (
			);
			runOnlyForDeploymentPostprocessing = 0;
		};
		0D7D6EC929C7059000368250 /* Frameworks */ = {
			isa = PBXFrameworksBuildPhase;
			buildActionMask = 2147483647;
			files = (
			);
			runOnlyForDeploymentPostprocessing = 0;
		};
		0DFEF95929C33935002F68D7 /* Frameworks */ = {
			isa = PBXFrameworksBuildPhase;
			buildActionMask = 2147483647;
			files = (
			);
			runOnlyForDeploymentPostprocessing = 0;
		};
		0DFEF98529C4BC1A002F68D7 /* Frameworks */ = {
			isa = PBXFrameworksBuildPhase;
			buildActionMask = 2147483647;
			files = (
			);
			runOnlyForDeploymentPostprocessing = 0;
		};
/* End PBXFrameworksBuildPhase section */

/* Begin PBXGroup section */
		0D7D6E3B29C5BB7B00368250 /* 02-transformation */ = {
			isa = PBXGroup;
			children = (
				0D7D6E3C29C5D25200368250 /* ContentView.swift */,
				0D7D6E3E29C5D2A200368250 /* Renderer.swift */,
				0D7D6E4029C5D2C500368250 /* AppView.swift */,
				0D7D6E4229C5D2DB00368250 /* Camera.swift */,
				0D7D6E4429C5D2F500368250 /* ShaderTypes.h */,
				0D7D6E4529C5D31C00368250 /* RenderScene.swift */,
				0D7D6E4729C5D33600368250 /* Component.swift */,
				0D7D6E4929C5D35E00368250 /* TriangleMesh.swift */,
				0D7D6E4B29C5D37A00368250 /* LinearAlgebro.swift */,
				0D7D6E4D29C5D3BC00368250 /* LearnMetalApp.swift */,
				0D7D6E4F29C5D3D700368250 /* Shaders.metal */,
			);
			path = "02-transformation";
			sourceTree = "<group>";
		};
		0D7D6E5D29C5E6C700368250 /* 03-load_obj_model */ = {
			isa = PBXGroup;
			children = (
				0D7D6E7929C5F15F00368250 /* Assets */,
				0D7D6E5E29C5E6C700368250 /* AppView.swift */,
				0D7D6E5F29C5E6C700368250 /* RenderScene.swift */,
				0D7D6E6029C5E6C700368250 /* Shaders.metal */,
				0D7D6E6129C5E6C700368250 /* LinearAlgebro.swift */,
				0D7D6E6229C5E6C700368250 /* ShaderTypes.h */,
				0D7D6E6329C5E6C700368250 /* Component.swift */,
				0D7D6E6429C5E6C700368250 /* Camera.swift */,
				0D7D6E6529C5E6C700368250 /* LearnMetalApp.swift */,
				0D7D6E6629C5E6C700368250 /* ContentView.swift */,
				0D7D6E6729C5E6C700368250 /* TriangleMesh.swift */,
				0D7D6E6829C5E6C700368250 /* Renderer.swift */,
				0D7D6E7729C5EBE800368250 /* Meshes.swift */,
			);
			path = "03-load_obj_model";
			sourceTree = SOURCE_ROOT;
		};
		0D7D6E7929C5F15F00368250 /* Assets */ = {
			isa = PBXGroup;
			children = (
				0D3BE9FC29C7FD6D000C1F3B /* cube.mtl */,
				0D3BE9FD29C7FD6D000C1F3B /* cube.obj */,
			);
			path = Assets;
			sourceTree = "<group>";
		};
		0D7D6E9329C60F1100368250 /* 04-texture_mapping */ = {
			isa = PBXGroup;
			children = (
				0D7D6E9D29C60F1100368250 /* Assets */,
				0D7D6E9429C60F1100368250 /* AppView.swift */,
				0D7D6E9529C60F1100368250 /* RenderScene.swift */,
				0D7D6E9629C60F1100368250 /* Meshes.swift */,
				0D7D6E9829C60F1100368250 /* LinearAlgebro.swift */,
				0D7D6E9A29C60F1100368250 /* Component.swift */,
				0D7D6E9B29C60F1100368250 /* Camera.swift */,
				0D7D6E9C29C60F1100368250 /* LearnMetalApp.swift */,
				0D7D6E9E29C60F1100368250 /* ContentView.swift */,
				0D7D6E9F29C60F1100368250 /* TriangleMesh.swift */,
				0D7D6EA029C60F1100368250 /* Renderer.swift */,
				0D7D6EAC29C6111D00368250 /* Materials.swift */,
				0D7D6E9929C60F1100368250 /* ShaderTypes.h */,
				0D7D6E9729C60F1100368250 /* Shaders.metal */,
			);
			path = "04-texture_mapping";
			sourceTree = "<group>";
		};
		0D7D6E9D29C60F1100368250 /* Assets */ = {
			isa = PBXGroup;
			children = (
				0D7D6EB929C7014100368250 /* avatar.png */,
				0D7D6EB329C6139100368250 /* cube.mtl */,
				0D7D6EB229C6139100368250 /* cube.obj */,
			);
			path = Assets;
			sourceTree = "<group>";
		};
		0D7D6ED229C705CF00368250 /* 05-simple_lighting */ = {
			isa = PBXGroup;
			children = (
				0D7D6EDC29C705CF00368250 /* Assets */,
				0D7D6ED329C705CF00368250 /* AppView.swift */,
				0D7D6ED429C705CF00368250 /* RenderScene.swift */,
				0D7D6ED529C705CF00368250 /* Meshes.swift */,
				0D7D6ED729C705CF00368250 /* LinearAlgebro.swift */,
				0D7D6ED929C705CF00368250 /* Component.swift */,
				0D7D6EDA29C705CF00368250 /* Camera.swift */,
				0D7D6EDB29C705CF00368250 /* LearnMetalApp.swift */,
				0D7D6EDF29C705CF00368250 /* ContentView.swift */,
				0D7D6EE129C705CF00368250 /* TriangleMesh.swift */,
				0D7D6EE229C705CF00368250 /* Renderer.swift */,
				0D7D6EE029C705CF00368250 /* Materials.swift */,
				0D7D6EF129C7069200368250 /* Entities.swift */,
				0D7D6EF329C7075F00368250 /* Lights.swift */,
				0D7D6ED829C705CF00368250 /* ShaderTypes.h */,
				0D7D6ED629C705CF00368250 /* Shaders.metal */,
			);
			path = "05-simple_lighting";
			sourceTree = "<group>";
		};
		0D7D6EDC29C705CF00368250 /* Assets */ = {
			isa = PBXGroup;
			children = (
				0D7D6EDD29C705CF00368250 /* cube.obj */,
				0D7D6EDE29C705CF00368250 /* cube.mtl */,
			);
			path = Assets;
			sourceTree = "<group>";
		};
		0DFEF95329C33935002F68D7 = {
			isa = PBXGroup;
			children = (
				0D7D6EB829C6FDE600368250 /* README.md */,
				0D7D6ED229C705CF00368250 /* 05-simple_lighting */,
				0D7D6E9329C60F1100368250 /* 04-texture_mapping */,
				0D7D6E5D29C5E6C700368250 /* 03-load_obj_model */,
				0D7D6E3B29C5BB7B00368250 /* 02-transformation */,
				0DFEF95E29C33935002F68D7 /* 01-hello_triangle */,
				0DFEF95D29C33935002F68D7 /* Products */,
			);
			sourceTree = "<group>";
		};
		0DFEF95D29C33935002F68D7 /* Products */ = {
			isa = PBXGroup;
			children = (
				0DFEF95C29C33935002F68D7 /* 01-hello_triangle.app */,
				0DFEF98B29C4BC1A002F68D7 /* 02-transformation.app */,
				0D7D6E5C29C5E63D00368250 /* 03-load_obj_model.app */,
				0D7D6E9229C60EF400368250 /* 04-texture_mapping.app */,
				0D7D6ED129C7059000368250 /* 05-simple_lighting.app */,
			);
			name = Products;
			sourceTree = "<group>";
		};
		0DFEF95E29C33935002F68D7 /* 01-hello_triangle */ = {
			isa = PBXGroup;
			children = (
				0DFEF95F29C33935002F68D7 /* LearnMetalApp.swift */,
				0DFEF96129C33935002F68D7 /* ContentView.swift */,
				0DFEF97829C33D8A002F68D7 /* Renderer.swift */,
				0DFEF97B29C3436F002F68D7 /* ShaderTypes.h */,
				0DFEF97C29C3467A002F68D7 /* Shaders.metal */,
			);
			path = "01-hello_triangle";
			sourceTree = "<group>";
		};
/* End PBXGroup section */

/* Begin PBXNativeTarget section */
		0D7D6E5129C5E63D00368250 /* 03-load_obj_model */ = {
			isa = PBXNativeTarget;
			buildConfigurationList = 0D7D6E5929C5E63D00368250 /* Build configuration list for PBXNativeTarget "03-load_obj_model" */;
			buildPhases = (
				0D7D6E5229C5E63D00368250 /* Sources */,
				0D7D6E5729C5E63D00368250 /* Frameworks */,
				0D7D6E5829C5E63D00368250 /* Resources */,
			);
			buildRules = (
			);
			dependencies = (
			);
			name = "03-load_obj_model";
			productName = LearnMetal;
			productReference = 0D7D6E5C29C5E63D00368250 /* 03-load_obj_model.app */;
			productType = "com.apple.product-type.application";
		};
		0D7D6E7E29C60EF400368250 /* 04-texture_mapping */ = {
			isa = PBXNativeTarget;
			buildConfigurationList = 0D7D6E8F29C60EF400368250 /* Build configuration list for PBXNativeTarget "04-texture_mapping" */;
			buildPhases = (
				0D7D6E7F29C60EF400368250 /* Sources */,
				0D7D6E8B29C60EF400368250 /* Frameworks */,
				0D7D6E8C29C60EF400368250 /* Resources */,
			);
			buildRules = (
			);
			dependencies = (
			);
			name = "04-texture_mapping";
			productName = LearnMetal;
			productReference = 0D7D6E9229C60EF400368250 /* 04-texture_mapping.app */;
			productType = "com.apple.product-type.application";
		};
		0D7D6EBB29C7059000368250 /* 05-simple_lighting */ = {
			isa = PBXNativeTarget;
			buildConfigurationList = 0D7D6ECE29C7059000368250 /* Build configuration list for PBXNativeTarget "05-simple_lighting" */;
			buildPhases = (
				0D7D6EBC29C7059000368250 /* Sources */,
				0D7D6EC929C7059000368250 /* Frameworks */,
				0D7D6ECA29C7059000368250 /* Resources */,
			);
			buildRules = (
			);
			dependencies = (
			);
			name = "05-simple_lighting";
			productName = LearnMetal;
			productReference = 0D7D6ED129C7059000368250 /* 05-simple_lighting.app */;
			productType = "com.apple.product-type.application";
		};
		0DFEF95B29C33935002F68D7 /* 01-hello_triangle */ = {
			isa = PBXNativeTarget;
			buildConfigurationList = 0DFEF96A29C33936002F68D7 /* Build configuration list for PBXNativeTarget "01-hello_triangle" */;
			buildPhases = (
				0DFEF95829C33935002F68D7 /* Sources */,
				0DFEF95929C33935002F68D7 /* Frameworks */,
				0DFEF95A29C33935002F68D7 /* Resources */,
			);
			buildRules = (
			);
			dependencies = (
			);
			name = "01-hello_triangle";
			productName = LearnMetal;
			productReference = 0DFEF95C29C33935002F68D7 /* 01-hello_triangle.app */;
			productType = "com.apple.product-type.application";
		};
		0DFEF97F29C4BC1A002F68D7 /* 02-transformation */ = {
			isa = PBXNativeTarget;
			buildConfigurationList = 0DFEF98829C4BC1A002F68D7 /* Build configuration list for PBXNativeTarget "02-transformation" */;
			buildPhases = (
				0DFEF98029C4BC1A002F68D7 /* Sources */,
				0DFEF98529C4BC1A002F68D7 /* Frameworks */,
				0DFEF98629C4BC1A002F68D7 /* Resources */,
			);
			buildRules = (
			);
			dependencies = (
			);
			name = "02-transformation";
			productName = LearnMetal;
			productReference = 0DFEF98B29C4BC1A002F68D7 /* 02-transformation.app */;
			productType = "com.apple.product-type.application";
		};
/* End PBXNativeTarget section */

/* Begin PBXProject section */
		0DFEF95429C33935002F68D7 /* Project object */ = {
			isa = PBXProject;
			attributes = {
				BuildIndependentTargetsInParallel = 1;
				LastSwiftUpdateCheck = 1400;
				LastUpgradeCheck = 1400;
				TargetAttributes = {
					0DFEF95B29C33935002F68D7 = {
						CreatedOnToolsVersion = 14.0.1;
					};
				};
			};
			buildConfigurationList = 0DFEF95729C33935002F68D7 /* Build configuration list for PBXProject "LearnMetal" */;
			compatibilityVersion = "Xcode 14.0";
			developmentRegion = en;
			hasScannedForEncodings = 0;
			knownRegions = (
				en,
				Base,
			);
			mainGroup = 0DFEF95329C33935002F68D7;
			productRefGroup = 0DFEF95D29C33935002F68D7 /* Products */;
			projectDirPath = "";
			projectRoot = "";
			targets = (
				0DFEF95B29C33935002F68D7 /* 01-hello_triangle */,
				0DFEF97F29C4BC1A002F68D7 /* 02-transformation */,
				0D7D6E5129C5E63D00368250 /* 03-load_obj_model */,
				0D7D6E7E29C60EF400368250 /* 04-texture_mapping */,
				0D7D6EBB29C7059000368250 /* 05-simple_lighting */,
			);
		};
/* End PBXProject section */

/* Begin PBXResourcesBuildPhase section */
		0D7D6E5829C5E63D00368250 /* Resources */ = {
			isa = PBXResourcesBuildPhase;
			buildActionMask = 2147483647;
			files = (
				0D3BE9FF29C7FD6D000C1F3B /* cube.obj in Resources */,
				0D3BE9FE29C7FD6D000C1F3B /* cube.mtl in Resources */,
			);
			runOnlyForDeploymentPostprocessing = 0;
		};
		0D7D6E8C29C60EF400368250 /* Resources */ = {
			isa = PBXResourcesBuildPhase;
			buildActionMask = 2147483647;
			files = (
				0D7D6EBA29C7014100368250 /* avatar.png in Resources */,
				0D7D6EB429C6139100368250 /* cube.obj in Resources */,
				0D7D6EB529C6139100368250 /* cube.mtl in Resources */,
			);
			runOnlyForDeploymentPostprocessing = 0;
		};
		0D7D6ECA29C7059000368250 /* Resources */ = {
			isa = PBXResourcesBuildPhase;
			buildActionMask = 2147483647;
			files = (
				0D7D6EEC29C705CF00368250 /* cube.mtl in Resources */,
				0D7D6EEB29C705CF00368250 /* cube.obj in Resources */,
			);
			runOnlyForDeploymentPostprocessing = 0;
		};
		0DFEF95A29C33935002F68D7 /* Resources */ = {
			isa = PBXResourcesBuildPhase;
			buildActionMask = 2147483647;
			files = (
			);
			runOnlyForDeploymentPostprocessing = 0;
		};
		0DFEF98629C4BC1A002F68D7 /* Resources */ = {
			isa = PBXResourcesBuildPhase;
			buildActionMask = 2147483647;
			files = (
			);
			runOnlyForDeploymentPostprocessing = 0;
		};
/* End PBXResourcesBuildPhase section */

/* Begin PBXSourcesBuildPhase section */
		0D7D6E5229C5E63D00368250 /* Sources */ = {
			isa = PBXSourcesBuildPhase;
			buildActionMask = 2147483647;
			files = (
				0D7D6E7829C5EBE800368250 /* Meshes.swift in Sources */,
				0D7D6E6F29C5E6C700368250 /* LearnMetalApp.swift in Sources */,
				0D7D6E6B29C5E6C700368250 /* Shaders.metal in Sources */,
				0D7D6E7129C5E6C700368250 /* TriangleMesh.swift in Sources */,
				0D7D6E7029C5E6C700368250 /* ContentView.swift in Sources */,
				0D7D6E6C29C5E6C700368250 /* LinearAlgebro.swift in Sources */,
				0D7D6E6E29C5E6C700368250 /* Camera.swift in Sources */,
				0D7D6E6A29C5E6C700368250 /* RenderScene.swift in Sources */,
				0D7D6E6929C5E6C700368250 /* AppView.swift in Sources */,
				0D7D6E7229C5E6C700368250 /* Renderer.swift in Sources */,
				0D7D6E6D29C5E6C700368250 /* Component.swift in Sources */,
			);
			runOnlyForDeploymentPostprocessing = 0;
		};
		0D7D6E7F29C60EF400368250 /* Sources */ = {
			isa = PBXSourcesBuildPhase;
			buildActionMask = 2147483647;
			files = (
				0D7D6EAD29C6111D00368250 /* Materials.swift in Sources */,
				0D7D6EA829C60F1100368250 /* LearnMetalApp.swift in Sources */,
				0D7D6EAB29C60F1100368250 /* Renderer.swift in Sources */,
				0D7D6EA629C60F1100368250 /* Component.swift in Sources */,
				0D7D6EA929C60F1100368250 /* ContentView.swift in Sources */,
				0D7D6EA529C60F1100368250 /* LinearAlgebro.swift in Sources */,
				0D7D6EA729C60F1100368250 /* Camera.swift in Sources */,
				0D7D6EA229C60F1100368250 /* RenderScene.swift in Sources */,
				0D7D6EA329C60F1100368250 /* Meshes.swift in Sources */,
				0D7D6EA429C60F1100368250 /* Shaders.metal in Sources */,
				0D7D6EA129C60F1100368250 /* AppView.swift in Sources */,
				0D7D6EAA29C60F1100368250 /* TriangleMesh.swift in Sources */,
			);
			runOnlyForDeploymentPostprocessing = 0;
		};
		0D7D6EBC29C7059000368250 /* Sources */ = {
			isa = PBXSourcesBuildPhase;
			buildActionMask = 2147483647;
			files = (
				0D7D6EE629C705CF00368250 /* Shaders.metal in Sources */,
				0D7D6EE829C705CF00368250 /* Component.swift in Sources */,
				0D7D6EF429C7075F00368250 /* Lights.swift in Sources */,
				0D7D6EE429C705CF00368250 /* RenderScene.swift in Sources */,
				0D7D6EE529C705CF00368250 /* Meshes.swift in Sources */,
				0D7D6EF029C705CF00368250 /* Renderer.swift in Sources */,
				0D7D6EF229C7069200368250 /* Entities.swift in Sources */,
				0D7D6EEA29C705CF00368250 /* LearnMetalApp.swift in Sources */,
				0D7D6EED29C705CF00368250 /* ContentView.swift in Sources */,
				0D7D6EEF29C705CF00368250 /* TriangleMesh.swift in Sources */,
				0D3BE9FA29C74F0A000C1F3B /* Materials.swift in Sources */,
				0D7D6EE329C705CF00368250 /* AppView.swift in Sources */,
				0D7D6EE929C705CF00368250 /* Camera.swift in Sources */,
				0D7D6EE729C705CF00368250 /* LinearAlgebro.swift in Sources */,
			);
			runOnlyForDeploymentPostprocessing = 0;
		};
		0DFEF95829C33935002F68D7 /* Sources */ = {
			isa = PBXSourcesBuildPhase;
			buildActionMask = 2147483647;
			files = (
				0DFEF97D29C3467A002F68D7 /* Shaders.metal in Sources */,
				0DFEF96229C33935002F68D7 /* ContentView.swift in Sources */,
				0DFEF97929C33D8A002F68D7 /* Renderer.swift in Sources */,
				0DFEF96029C33935002F68D7 /* LearnMetalApp.swift in Sources */,
			);
			runOnlyForDeploymentPostprocessing = 0;
		};
		0DFEF98029C4BC1A002F68D7 /* Sources */ = {
			isa = PBXSourcesBuildPhase;
			buildActionMask = 2147483647;
			files = (
				0D7D6E4629C5D31C00368250 /* RenderScene.swift in Sources */,
				0D7D6E4829C5D33600368250 /* Component.swift in Sources */,
				0D7D6E4329C5D2DB00368250 /* Camera.swift in Sources */,
				0D7D6E3F29C5D2A200368250 /* Renderer.swift in Sources */,
				0D7D6E5029C5D3D700368250 /* Shaders.metal in Sources */,
				0D7D6E4E29C5D3BC00368250 /* LearnMetalApp.swift in Sources */,
				0D7D6E3D29C5D25200368250 /* ContentView.swift in Sources */,
				0D7D6E4C29C5D37A00368250 /* LinearAlgebro.swift in Sources */,
				0D7D6E4129C5D2C500368250 /* AppView.swift in Sources */,
				0D7D6E4A29C5D35E00368250 /* TriangleMesh.swift in Sources */,
			);
			runOnlyForDeploymentPostprocessing = 0;
		};
/* End PBXSourcesBuildPhase section */

/* Begin XCBuildConfiguration section */
		0D7D6E5A29C5E63D00368250 /* Debug */ = {
			isa = XCBuildConfiguration;
			buildSettings = {
				ASSETCATALOG_COMPILER_APPICON_NAME = AppIcon;
				ASSETCATALOG_COMPILER_GLOBAL_ACCENT_COLOR_NAME = AccentColor;
				CODE_SIGN_STYLE = Automatic;
				CURRENT_PROJECT_VERSION = 1;
				DEVELOPMENT_ASSET_PATHS = "\"${TARGET_NAME}\"";
				DEVELOPMENT_TEAM = R825KND2GK;
				ENABLE_PREVIEWS = YES;
				GENERATE_INFOPLIST_FILE = YES;
				INFOPLIST_KEY_UIApplicationSceneManifest_Generation = YES;
				INFOPLIST_KEY_UIApplicationSupportsIndirectInputEvents = YES;
				INFOPLIST_KEY_UILaunchScreen_Generation = YES;
				INFOPLIST_KEY_UISupportedInterfaceOrientations_iPad = "UIInterfaceOrientationPortrait UIInterfaceOrientationPortraitUpsideDown UIInterfaceOrientationLandscapeLeft UIInterfaceOrientationLandscapeRight";
				INFOPLIST_KEY_UISupportedInterfaceOrientations_iPhone = "UIInterfaceOrientationPortrait UIInterfaceOrientationLandscapeLeft UIInterfaceOrientationLandscapeRight";
				LD_RUNPATH_SEARCH_PATHS = (
					"$(inherited)",
					"@executable_path/Frameworks",
				);
				MARKETING_VERSION = 1.0;
				PRODUCT_BUNDLE_IDENTIFIER = com.yif.LearnMetal;
				PRODUCT_NAME = "$(TARGET_NAME)";
				SWIFT_EMIT_LOC_STRINGS = YES;
				SWIFT_OBJC_BRIDGING_HEADER = "${TARGET_NAME}/ShaderTypes.h";
				SWIFT_VERSION = 5.0;
				TARGETED_DEVICE_FAMILY = "1,2";
			};
			name = Debug;
		};
		0D7D6E5B29C5E63D00368250 /* Release */ = {
			isa = XCBuildConfiguration;
			buildSettings = {
				ASSETCATALOG_COMPILER_APPICON_NAME = AppIcon;
				ASSETCATALOG_COMPILER_GLOBAL_ACCENT_COLOR_NAME = AccentColor;
				CODE_SIGN_STYLE = Automatic;
				CURRENT_PROJECT_VERSION = 1;
				DEVELOPMENT_ASSET_PATHS = "\"${TARGET_NAME}\"";
				DEVELOPMENT_TEAM = R825KND2GK;
				ENABLE_PREVIEWS = YES;
				GENERATE_INFOPLIST_FILE = YES;
				INFOPLIST_KEY_UIApplicationSceneManifest_Generation = YES;
				INFOPLIST_KEY_UIApplicationSupportsIndirectInputEvents = YES;
				INFOPLIST_KEY_UILaunchScreen_Generation = YES;
				INFOPLIST_KEY_UISupportedInterfaceOrientations_iPad = "UIInterfaceOrientationPortrait UIInterfaceOrientationPortraitUpsideDown UIInterfaceOrientationLandscapeLeft UIInterfaceOrientationLandscapeRight";
				INFOPLIST_KEY_UISupportedInterfaceOrientations_iPhone = "UIInterfaceOrientationPortrait UIInterfaceOrientationLandscapeLeft UIInterfaceOrientationLandscapeRight";
				LD_RUNPATH_SEARCH_PATHS = (
					"$(inherited)",
					"@executable_path/Frameworks",
				);
				MARKETING_VERSION = 1.0;
				PRODUCT_BUNDLE_IDENTIFIER = com.yif.LearnMetal;
				PRODUCT_NAME = "$(TARGET_NAME)";
				SWIFT_EMIT_LOC_STRINGS = YES;
				SWIFT_OBJC_BRIDGING_HEADER = "${TARGET_NAME}/ShaderTypes.h";
				SWIFT_VERSION = 5.0;
				TARGETED_DEVICE_FAMILY = "1,2";
			};
			name = Release;
		};
		0D7D6E9029C60EF400368250 /* Debug */ = {
			isa = XCBuildConfiguration;
			buildSettings = {
				ASSETCATALOG_COMPILER_APPICON_NAME = AppIcon;
				ASSETCATALOG_COMPILER_GLOBAL_ACCENT_COLOR_NAME = AccentColor;
				CODE_SIGN_STYLE = Automatic;
				CURRENT_PROJECT_VERSION = 1;
				DEVELOPMENT_ASSET_PATHS = "\"${TARGET_NAME}\"";
				DEVELOPMENT_TEAM = R825KND2GK;
				ENABLE_PREVIEWS = YES;
				GENERATE_INFOPLIST_FILE = YES;
				INFOPLIST_KEY_UIApplicationSceneManifest_Generation = YES;
				INFOPLIST_KEY_UIApplicationSupportsIndirectInputEvents = YES;
				INFOPLIST_KEY_UILaunchScreen_Generation = YES;
				INFOPLIST_KEY_UISupportedInterfaceOrientations_iPad = "UIInterfaceOrientationPortrait UIInterfaceOrientationPortraitUpsideDown UIInterfaceOrientationLandscapeLeft UIInterfaceOrientationLandscapeRight";
				INFOPLIST_KEY_UISupportedInterfaceOrientations_iPhone = "UIInterfaceOrientationPortrait UIInterfaceOrientationLandscapeLeft UIInterfaceOrientationLandscapeRight";
				LD_RUNPATH_SEARCH_PATHS = (
					"$(inherited)",
					"@executable_path/Frameworks",
				);
				MARKETING_VERSION = 1.0;
				PRODUCT_BUNDLE_IDENTIFIER = com.yif.LearnMetal;
				PRODUCT_NAME = "$(TARGET_NAME)";
				SWIFT_EMIT_LOC_STRINGS = YES;
				SWIFT_OBJC_BRIDGING_HEADER = "${TARGET_NAME}/ShaderTypes.h";
				SWIFT_VERSION = 5.0;
				TARGETED_DEVICE_FAMILY = "1,2";
			};
			name = Debug;
		};
		0D7D6E9129C60EF400368250 /* Release */ = {
			isa = XCBuildConfiguration;
			buildSettings = {
				ASSETCATALOG_COMPILER_APPICON_NAME = AppIcon;
				ASSETCATALOG_COMPILER_GLOBAL_ACCENT_COLOR_NAME = AccentColor;
				CODE_SIGN_STYLE = Automatic;
				CURRENT_PROJECT_VERSION = 1;
				DEVELOPMENT_ASSET_PATHS = "\"${TARGET_NAME}\"";
				DEVELOPMENT_TEAM = R825KND2GK;
				ENABLE_PREVIEWS = YES;
				GENERATE_INFOPLIST_FILE = YES;
				INFOPLIST_KEY_UIApplicationSceneManifest_Generation = YES;
				INFOPLIST_KEY_UIApplicationSupportsIndirectInputEvents = YES;
				INFOPLIST_KEY_UILaunchScreen_Generation = YES;
				INFOPLIST_KEY_UISupportedInterfaceOrientations_iPad = "UIInterfaceOrientationPortrait UIInterfaceOrientationPortraitUpsideDown UIInterfaceOrientationLandscapeLeft UIInterfaceOrientationLandscapeRight";
				INFOPLIST_KEY_UISupportedInterfaceOrientations_iPhone = "UIInterfaceOrientationPortrait UIInterfaceOrientationLandscapeLeft UIInterfaceOrientationLandscapeRight";
				LD_RUNPATH_SEARCH_PATHS = (
					"$(inherited)",
					"@executable_path/Frameworks",
				);
				MARKETING_VERSION = 1.0;
				PRODUCT_BUNDLE_IDENTIFIER = com.yif.LearnMetal;
				PRODUCT_NAME = "$(TARGET_NAME)";
				SWIFT_EMIT_LOC_STRINGS = YES;
				SWIFT_OBJC_BRIDGING_HEADER = "${TARGET_NAME}/ShaderTypes.h";
				SWIFT_VERSION = 5.0;
				TARGETED_DEVICE_FAMILY = "1,2";
			};
			name = Release;
		};
		0D7D6ECF29C7059000368250 /* Debug */ = {
			isa = XCBuildConfiguration;
			buildSettings = {
				ASSETCATALOG_COMPILER_APPICON_NAME = AppIcon;
				ASSETCATALOG_COMPILER_GLOBAL_ACCENT_COLOR_NAME = AccentColor;
				CODE_SIGN_STYLE = Automatic;
				CURRENT_PROJECT_VERSION = 1;
				DEVELOPMENT_ASSET_PATHS = "\"${TARGET_NAME}\"";
				DEVELOPMENT_TEAM = R825KND2GK;
				ENABLE_PREVIEWS = YES;
				GENERATE_INFOPLIST_FILE = YES;
				INFOPLIST_KEY_UIApplicationSceneManifest_Generation = YES;
				INFOPLIST_KEY_UIApplicationSupportsIndirectInputEvents = YES;
				INFOPLIST_KEY_UILaunchScreen_Generation = YES;
				INFOPLIST_KEY_UISupportedInterfaceOrientations_iPad = "UIInterfaceOrientationPortrait UIInterfaceOrientationPortraitUpsideDown UIInterfaceOrientationLandscapeLeft UIInterfaceOrientationLandscapeRight";
				INFOPLIST_KEY_UISupportedInterfaceOrientations_iPhone = "UIInterfaceOrientationPortrait UIInterfaceOrientationLandscapeLeft UIInterfaceOrientationLandscapeRight";
				LD_RUNPATH_SEARCH_PATHS = (
					"$(inherited)",
					"@executable_path/Frameworks",
				);
				MARKETING_VERSION = 1.0;
				PRODUCT_BUNDLE_IDENTIFIER = com.yif.LearnMetal;
				PRODUCT_NAME = "$(TARGET_NAME)";
				SWIFT_EMIT_LOC_STRINGS = YES;
				SWIFT_OBJC_BRIDGING_HEADER = "${TARGET_NAME}/ShaderTypes.h";
				SWIFT_VERSION = 5.0;
				TARGETED_DEVICE_FAMILY = "1,2";
			};
			name = Debug;
		};
		0D7D6ED029C7059000368250 /* Release */ = {
			isa = XCBuildConfiguration;
			buildSettings = {
				ASSETCATALOG_COMPILER_APPICON_NAME = AppIcon;
				ASSETCATALOG_COMPILER_GLOBAL_ACCENT_COLOR_NAME = AccentColor;
				CODE_SIGN_STYLE = Automatic;
				CURRENT_PROJECT_VERSION = 1;
				DEVELOPMENT_ASSET_PATHS = "\"${TARGET_NAME}\"";
				DEVELOPMENT_TEAM = R825KND2GK;
				ENABLE_PREVIEWS = YES;
				GENERATE_INFOPLIST_FILE = YES;
				INFOPLIST_KEY_UIApplicationSceneManifest_Generation = YES;
				INFOPLIST_KEY_UIApplicationSupportsIndirectInputEvents = YES;
				INFOPLIST_KEY_UILaunchScreen_Generation = YES;
				INFOPLIST_KEY_UISupportedInterfaceOrientations_iPad = "UIInterfaceOrientationPortrait UIInterfaceOrientationPortraitUpsideDown UIInterfaceOrientationLandscapeLeft UIInterfaceOrientationLandscapeRight";
				INFOPLIST_KEY_UISupportedInterfaceOrientations_iPhone = "UIInterfaceOrientationPortrait UIInterfaceOrientationLandscapeLeft UIInterfaceOrientationLandscapeRight";
				LD_RUNPATH_SEARCH_PATHS = (
					"$(inherited)",
					"@executable_path/Frameworks",
				);
				MARKETING_VERSION = 1.0;
				PRODUCT_BUNDLE_IDENTIFIER = com.yif.LearnMetal;
				PRODUCT_NAME = "$(TARGET_NAME)";
				SWIFT_EMIT_LOC_STRINGS = YES;
				SWIFT_OBJC_BRIDGING_HEADER = "${TARGET_NAME}/ShaderTypes.h";
				SWIFT_VERSION = 5.0;
				TARGETED_DEVICE_FAMILY = "1,2";
			};
			name = Release;
		};
		0DFEF96829C33936002F68D7 /* Debug */ = {
			isa = XCBuildConfiguration;
			buildSettings = {
				ALWAYS_SEARCH_USER_PATHS = NO;
				CLANG_ANALYZER_NONNULL = YES;
				CLANG_ANALYZER_NUMBER_OBJECT_CONVERSION = YES_AGGRESSIVE;
				CLANG_CXX_LANGUAGE_STANDARD = "gnu++20";
				CLANG_ENABLE_MODULES = YES;
				CLANG_ENABLE_OBJC_ARC = YES;
				CLANG_ENABLE_OBJC_WEAK = YES;
				CLANG_WARN_BLOCK_CAPTURE_AUTORELEASING = YES;
				CLANG_WARN_BOOL_CONVERSION = YES;
				CLANG_WARN_COMMA = YES;
				CLANG_WARN_CONSTANT_CONVERSION = YES;
				CLANG_WARN_DEPRECATED_OBJC_IMPLEMENTATIONS = YES;
				CLANG_WARN_DIRECT_OBJC_ISA_USAGE = YES_ERROR;
				CLANG_WARN_DOCUMENTATION_COMMENTS = YES;
				CLANG_WARN_EMPTY_BODY = YES;
				CLANG_WARN_ENUM_CONVERSION = YES;
				CLANG_WARN_INFINITE_RECURSION = YES;
				CLANG_WARN_INT_CONVERSION = YES;
				CLANG_WARN_NON_LITERAL_NULL_CONVERSION = YES;
				CLANG_WARN_OBJC_IMPLICIT_RETAIN_SELF = YES;
				CLANG_WARN_OBJC_LITERAL_CONVERSION = YES;
				CLANG_WARN_OBJC_ROOT_CLASS = YES_ERROR;
				CLANG_WARN_QUOTED_INCLUDE_IN_FRAMEWORK_HEADER = YES;
				CLANG_WARN_RANGE_LOOP_ANALYSIS = YES;
				CLANG_WARN_STRICT_PROTOTYPES = YES;
				CLANG_WARN_SUSPICIOUS_MOVE = YES;
				CLANG_WARN_UNGUARDED_AVAILABILITY = YES_AGGRESSIVE;
				CLANG_WARN_UNREACHABLE_CODE = YES;
				CLANG_WARN__DUPLICATE_METHOD_MATCH = YES;
				COPY_PHASE_STRIP = NO;
				DEBUG_INFORMATION_FORMAT = dwarf;
				ENABLE_STRICT_OBJC_MSGSEND = YES;
				ENABLE_TESTABILITY = YES;
				GCC_C_LANGUAGE_STANDARD = gnu11;
				GCC_DYNAMIC_NO_PIC = NO;
				GCC_NO_COMMON_BLOCKS = YES;
				GCC_OPTIMIZATION_LEVEL = 0;
				GCC_PREPROCESSOR_DEFINITIONS = (
					"DEBUG=1",
					"$(inherited)",
				);
				GCC_WARN_64_TO_32_BIT_CONVERSION = YES;
				GCC_WARN_ABOUT_RETURN_TYPE = YES_ERROR;
				GCC_WARN_UNDECLARED_SELECTOR = YES;
				GCC_WARN_UNINITIALIZED_AUTOS = YES_AGGRESSIVE;
				GCC_WARN_UNUSED_FUNCTION = YES;
				GCC_WARN_UNUSED_VARIABLE = YES;
				IPHONEOS_DEPLOYMENT_TARGET = 16.0;
				MTL_ENABLE_DEBUG_INFO = INCLUDE_SOURCE;
				MTL_FAST_MATH = YES;
				ONLY_ACTIVE_ARCH = YES;
				SDKROOT = iphoneos;
				SWIFT_ACTIVE_COMPILATION_CONDITIONS = DEBUG;
				SWIFT_OBJC_BRIDGING_HEADER = "";
				SWIFT_OPTIMIZATION_LEVEL = "-Onone";
			};
			name = Debug;
		};
		0DFEF96929C33936002F68D7 /* Release */ = {
			isa = XCBuildConfiguration;
			buildSettings = {
				ALWAYS_SEARCH_USER_PATHS = NO;
				CLANG_ANALYZER_NONNULL = YES;
				CLANG_ANALYZER_NUMBER_OBJECT_CONVERSION = YES_AGGRESSIVE;
				CLANG_CXX_LANGUAGE_STANDARD = "gnu++20";
				CLANG_ENABLE_MODULES = YES;
				CLANG_ENABLE_OBJC_ARC = YES;
				CLANG_ENABLE_OBJC_WEAK = YES;
				CLANG_WARN_BLOCK_CAPTURE_AUTORELEASING = YES;
				CLANG_WARN_BOOL_CONVERSION = YES;
				CLANG_WARN_COMMA = YES;
				CLANG_WARN_CONSTANT_CONVERSION = YES;
				CLANG_WARN_DEPRECATED_OBJC_IMPLEMENTATIONS = YES;
				CLANG_WARN_DIRECT_OBJC_ISA_USAGE = YES_ERROR;
				CLANG_WARN_DOCUMENTATION_COMMENTS = YES;
				CLANG_WARN_EMPTY_BODY = YES;
				CLANG_WARN_ENUM_CONVERSION = YES;
				CLANG_WARN_INFINITE_RECURSION = YES;
				CLANG_WARN_INT_CONVERSION = YES;
				CLANG_WARN_NON_LITERAL_NULL_CONVERSION = YES;
				CLANG_WARN_OBJC_IMPLICIT_RETAIN_SELF = YES;
				CLANG_WARN_OBJC_LITERAL_CONVERSION = YES;
				CLANG_WARN_OBJC_ROOT_CLASS = YES_ERROR;
				CLANG_WARN_QUOTED_INCLUDE_IN_FRAMEWORK_HEADER = YES;
				CLANG_WARN_RANGE_LOOP_ANALYSIS = YES;
				CLANG_WARN_STRICT_PROTOTYPES = YES;
				CLANG_WARN_SUSPICIOUS_MOVE = YES;
				CLANG_WARN_UNGUARDED_AVAILABILITY = YES_AGGRESSIVE;
				CLANG_WARN_UNREACHABLE_CODE = YES;
				CLANG_WARN__DUPLICATE_METHOD_MATCH = YES;
				COPY_PHASE_STRIP = NO;
				DEBUG_INFORMATION_FORMAT = "dwarf-with-dsym";
				ENABLE_NS_ASSERTIONS = NO;
				ENABLE_STRICT_OBJC_MSGSEND = YES;
				GCC_C_LANGUAGE_STANDARD = gnu11;
				GCC_NO_COMMON_BLOCKS = YES;
				GCC_WARN_64_TO_32_BIT_CONVERSION = YES;
				GCC_WARN_ABOUT_RETURN_TYPE = YES_ERROR;
				GCC_WARN_UNDECLARED_SELECTOR = YES;
				GCC_WARN_UNINITIALIZED_AUTOS = YES_AGGRESSIVE;
				GCC_WARN_UNUSED_FUNCTION = YES;
				GCC_WARN_UNUSED_VARIABLE = YES;
				IPHONEOS_DEPLOYMENT_TARGET = 16.0;
				MTL_ENABLE_DEBUG_INFO = NO;
				MTL_FAST_MATH = YES;
				SDKROOT = iphoneos;
				SWIFT_COMPILATION_MODE = wholemodule;
				SWIFT_OBJC_BRIDGING_HEADER = "";
				SWIFT_OPTIMIZATION_LEVEL = "-O";
				VALIDATE_PRODUCT = YES;
			};
			name = Release;
		};
		0DFEF96B29C33936002F68D7 /* Debug */ = {
			isa = XCBuildConfiguration;
			buildSettings = {
				ASSETCATALOG_COMPILER_APPICON_NAME = AppIcon;
				ASSETCATALOG_COMPILER_GLOBAL_ACCENT_COLOR_NAME = AccentColor;
				CODE_SIGN_STYLE = Automatic;
				CURRENT_PROJECT_VERSION = 1;
				DEVELOPMENT_ASSET_PATHS = "\"${TARGET_NAME}\"";
				DEVELOPMENT_TEAM = R825KND2GK;
				ENABLE_PREVIEWS = YES;
				GENERATE_INFOPLIST_FILE = YES;
				INFOPLIST_KEY_UIApplicationSceneManifest_Generation = YES;
				INFOPLIST_KEY_UIApplicationSupportsIndirectInputEvents = YES;
				INFOPLIST_KEY_UILaunchScreen_Generation = YES;
				INFOPLIST_KEY_UISupportedInterfaceOrientations_iPad = "UIInterfaceOrientationPortrait UIInterfaceOrientationPortraitUpsideDown UIInterfaceOrientationLandscapeLeft UIInterfaceOrientationLandscapeRight";
				INFOPLIST_KEY_UISupportedInterfaceOrientations_iPhone = "UIInterfaceOrientationPortrait UIInterfaceOrientationLandscapeLeft UIInterfaceOrientationLandscapeRight";
				LD_RUNPATH_SEARCH_PATHS = (
					"$(inherited)",
					"@executable_path/Frameworks",
				);
				MARKETING_VERSION = 1.0;
				PRODUCT_BUNDLE_IDENTIFIER = com.yif.LearnMetal;
				PRODUCT_NAME = "$(TARGET_NAME)";
				SWIFT_EMIT_LOC_STRINGS = YES;
				SWIFT_OBJC_BRIDGING_HEADER = "${TARGET_NAME}/ShaderTypes.h";
				SWIFT_VERSION = 5.0;
				TARGETED_DEVICE_FAMILY = "1,2";
			};
			name = Debug;
		};
		0DFEF96C29C33936002F68D7 /* Release */ = {
			isa = XCBuildConfiguration;
			buildSettings = {
				ASSETCATALOG_COMPILER_APPICON_NAME = AppIcon;
				ASSETCATALOG_COMPILER_GLOBAL_ACCENT_COLOR_NAME = AccentColor;
				CODE_SIGN_STYLE = Automatic;
				CURRENT_PROJECT_VERSION = 1;
				DEVELOPMENT_ASSET_PATHS = "\"${TARGET_NAME}\"";
				DEVELOPMENT_TEAM = R825KND2GK;
				ENABLE_PREVIEWS = YES;
				GENERATE_INFOPLIST_FILE = YES;
				INFOPLIST_KEY_UIApplicationSceneManifest_Generation = YES;
				INFOPLIST_KEY_UIApplicationSupportsIndirectInputEvents = YES;
				INFOPLIST_KEY_UILaunchScreen_Generation = YES;
				INFOPLIST_KEY_UISupportedInterfaceOrientations_iPad = "UIInterfaceOrientationPortrait UIInterfaceOrientationPortraitUpsideDown UIInterfaceOrientationLandscapeLeft UIInterfaceOrientationLandscapeRight";
				INFOPLIST_KEY_UISupportedInterfaceOrientations_iPhone = "UIInterfaceOrientationPortrait UIInterfaceOrientationLandscapeLeft UIInterfaceOrientationLandscapeRight";
				LD_RUNPATH_SEARCH_PATHS = (
					"$(inherited)",
					"@executable_path/Frameworks",
				);
				MARKETING_VERSION = 1.0;
				PRODUCT_BUNDLE_IDENTIFIER = com.yif.LearnMetal;
				PRODUCT_NAME = "$(TARGET_NAME)";
				SWIFT_EMIT_LOC_STRINGS = YES;
				SWIFT_OBJC_BRIDGING_HEADER = "${TARGET_NAME}/ShaderTypes.h";
				SWIFT_VERSION = 5.0;
				TARGETED_DEVICE_FAMILY = "1,2";
			};
			name = Release;
		};
		0DFEF98929C4BC1A002F68D7 /* Debug */ = {
			isa = XCBuildConfiguration;
			buildSettings = {
				ASSETCATALOG_COMPILER_APPICON_NAME = AppIcon;
				ASSETCATALOG_COMPILER_GLOBAL_ACCENT_COLOR_NAME = AccentColor;
				CODE_SIGN_STYLE = Automatic;
				CURRENT_PROJECT_VERSION = 1;
				DEVELOPMENT_ASSET_PATHS = "\"${TARGET_NAME}\"";
				DEVELOPMENT_TEAM = R825KND2GK;
				ENABLE_PREVIEWS = YES;
				GENERATE_INFOPLIST_FILE = YES;
				INFOPLIST_KEY_UIApplicationSceneManifest_Generation = YES;
				INFOPLIST_KEY_UIApplicationSupportsIndirectInputEvents = YES;
				INFOPLIST_KEY_UILaunchScreen_Generation = YES;
				INFOPLIST_KEY_UISupportedInterfaceOrientations_iPad = "UIInterfaceOrientationPortrait UIInterfaceOrientationPortraitUpsideDown UIInterfaceOrientationLandscapeLeft UIInterfaceOrientationLandscapeRight";
				INFOPLIST_KEY_UISupportedInterfaceOrientations_iPhone = "UIInterfaceOrientationPortrait UIInterfaceOrientationLandscapeLeft UIInterfaceOrientationLandscapeRight";
				LD_RUNPATH_SEARCH_PATHS = (
					"$(inherited)",
					"@executable_path/Frameworks",
				);
				MARKETING_VERSION = 1.0;
				PRODUCT_BUNDLE_IDENTIFIER = com.yif.LearnMetal;
				PRODUCT_NAME = "$(TARGET_NAME)";
				SWIFT_EMIT_LOC_STRINGS = YES;
				SWIFT_OBJC_BRIDGING_HEADER = "${TARGET_NAME}/ShaderTypes.h";
				SWIFT_VERSION = 5.0;
				TARGETED_DEVICE_FAMILY = "1,2";
			};
			name = Debug;
		};
		0DFEF98A29C4BC1A002F68D7 /* Release */ = {
			isa = XCBuildConfiguration;
			buildSettings = {
				ASSETCATALOG_COMPILER_APPICON_NAME = AppIcon;
				ASSETCATALOG_COMPILER_GLOBAL_ACCENT_COLOR_NAME = AccentColor;
				CODE_SIGN_STYLE = Automatic;
				CURRENT_PROJECT_VERSION = 1;
				DEVELOPMENT_ASSET_PATHS = "\"${TARGET_NAME}\"";
				DEVELOPMENT_TEAM = R825KND2GK;
				ENABLE_PREVIEWS = YES;
				GENERATE_INFOPLIST_FILE = YES;
				INFOPLIST_KEY_UIApplicationSceneManifest_Generation = YES;
				INFOPLIST_KEY_UIApplicationSupportsIndirectInputEvents = YES;
				INFOPLIST_KEY_UILaunchScreen_Generation = YES;
				INFOPLIST_KEY_UISupportedInterfaceOrientations_iPad = "UIInterfaceOrientationPortrait UIInterfaceOrientationPortraitUpsideDown UIInterfaceOrientationLandscapeLeft UIInterfaceOrientationLandscapeRight";
				INFOPLIST_KEY_UISupportedInterfaceOrientations_iPhone = "UIInterfaceOrientationPortrait UIInterfaceOrientationLandscapeLeft UIInterfaceOrientationLandscapeRight";
				LD_RUNPATH_SEARCH_PATHS = (
					"$(inherited)",
					"@executable_path/Frameworks",
				);
				MARKETING_VERSION = 1.0;
				PRODUCT_BUNDLE_IDENTIFIER = com.yif.LearnMetal;
				PRODUCT_NAME = "$(TARGET_NAME)";
				SWIFT_EMIT_LOC_STRINGS = YES;
				SWIFT_OBJC_BRIDGING_HEADER = "${TARGET_NAME}/ShaderTypes.h";
				SWIFT_VERSION = 5.0;
				TARGETED_DEVICE_FAMILY = "1,2";
			};
			name = Release;
		};
/* End XCBuildConfiguration section */

/* Begin XCConfigurationList section */
		0D7D6E5929C5E63D00368250 /* Build configuration list for PBXNativeTarget "03-load_obj_model" */ = {
			isa = XCConfigurationList;
			buildConfigurations = (
				0D7D6E5A29C5E63D00368250 /* Debug */,
				0D7D6E5B29C5E63D00368250 /* Release */,
			);
			defaultConfigurationIsVisible = 0;
			defaultConfigurationName = Release;
		};
		0D7D6E8F29C60EF400368250 /* Build configuration list for PBXNativeTarget "04-texture_mapping" */ = {
			isa = XCConfigurationList;
			buildConfigurations = (
				0D7D6E9029C60EF400368250 /* Debug */,
				0D7D6E9129C60EF400368250 /* Release */,
			);
			defaultConfigurationIsVisible = 0;
			defaultConfigurationName = Release;
		};
		0D7D6ECE29C7059000368250 /* Build configuration list for PBXNativeTarget "05-simple_lighting" */ = {
			isa = XCConfigurationList;
			buildConfigurations = (
				0D7D6ECF29C7059000368250 /* Debug */,
				0D7D6ED029C7059000368250 /* Release */,
			);
			defaultConfigurationIsVisible = 0;
			defaultConfigurationName = Release;
		};
		0DFEF95729C33935002F68D7 /* Build configuration list for PBXProject "LearnMetal" */ = {
			isa = XCConfigurationList;
			buildConfigurations = (
				0DFEF96829C33936002F68D7 /* Debug */,
				0DFEF96929C33936002F68D7 /* Release */,
			);
			defaultConfigurationIsVisible = 0;
			defaultConfigurationName = Release;
		};
		0DFEF96A29C33936002F68D7 /* Build configuration list for PBXNativeTarget "01-hello_triangle" */ = {
			isa = XCConfigurationList;
			buildConfigurations = (
				0DFEF96B29C33936002F68D7 /* Debug */,
				0DFEF96C29C33936002F68D7 /* Release */,
			);
			defaultConfigurationIsVisible = 0;
			defaultConfigurationName = Release;
		};
		0DFEF98829C4BC1A002F68D7 /* Build configuration list for PBXNativeTarget "02-transformation" */ = {
			isa = XCConfigurationList;
			buildConfigurations = (
				0DFEF98929C4BC1A002F68D7 /* Debug */,
				0DFEF98A29C4BC1A002F68D7 /* Release */,
			);
			defaultConfigurationIsVisible = 0;
			defaultConfigurationName = Release;
		};
/* End XCConfigurationList section */
	};
	rootObject = 0DFEF95429C33935002F68D7 /* Project object */;
}
